PODS:
  - XKCategory (1.1.9):
    - "XKCategory/NSDate+xkCategory (= 1.1.9)"
    - "XKCategory/NSString+xkCategory (= 1.1.9)"
    - "XKCategory/UIButton+xkCategory (= 1.1.9)"
    - XKCategory/UIColorHex (= 1.1.9)
    - "XKCategory/UIImage+xkCategory (= 1.1.9)"
    - "XKCategory/UILabel+xkCategory (= 1.1.9)"
    - "XKCategory/UINavigationController+xkCategory (= 1.1.9)"
    - "XKCategory/UIScrollView+xkCategory (= 1.1.9)"
    - "XKCategory/UITextFieldView+xkCategory (= 1.1.9)"
    - "XKCategory/UIView+xkCategory (= 1.1.9)"

DEPENDENCIES:
  - XKCategory (from `../`)

EXTERNAL SOURCES:
  XKCategory:
    :path: "../"

SPEC CHECKSUMS:
  XKCategory: 440cd39e8a70dc5eac48f721d2005b9a3fc9ce83

PODFILE CHECKSUM: 42217721f2156952524d7b3064d51536efe988a2

COCOAPODS: 1.7.1
