PODS:
  - XKCategory (1.0.0):
    - XKCategory/GTMBase64 (= 1.0.0)
    - XKCategory/MD5SHA1 (= 1.0.0)
    - "XKCategory/NSDate+xkCategory (= 1.0.0)"
    - "XKCategory/NSString+xkCategory (= 1.0.0)"
  - XKCategory/GTMBase64 (1.0.0)
  - XKCategory/MD5SHA1 (1.0.0)
  - "XKCategory/NSDate+xkCategory (1.0.0)"
  - "XKCategory/NSString+xkCategory (1.0.0)"

DEPENDENCIES:
  - XKCategory (from `../`)

EXTERNAL SOURCES:
  XKCategory:
    :path: "../"

SPEC CHECKSUMS:
  XKCategory: 0fc9b9e3c1575c436a20ed52e212f0ed53177004

PODFILE CHECKSUM: 42217721f2156952524d7b3064d51536efe988a2

COCOAPODS: 1.5.3
